// !$*UTF8*$!
{
	archiveVersion = 1;
	classes = {
	};
	objectVersion = 56;
	objects = {

/* Begin PBXBuildFile section */
		E02638432985A5A5008CBA14 /* RecipeListApp.swift in Sources */ = {isa = PBXBuildFile; fileRef = E02638422985A5A5008CBA14 /* RecipeListApp.swift */; };
		E02638452985A5A5008CBA14 /* ContentView.swift in Sources */ = {isa = PBXBuildFile; fileRef = E02638442985A5A5008CBA14 /* ContentView.swift */; };
		E02638472985A5A6008CBA14 /* Assets.xcassets in Resources */ = {isa = PBXBuildFile; fileRef = E02638462985A5A6008CBA14 /* Assets.xcassets */; };
		E026384A2985A5A6008CBA14 /* Preview Assets.xcassets in Resources */ = {isa = PBXBuildFile; fileRef = E02638492985A5A6008CBA14 /* Preview Assets.xcassets */; };
		E055D6F92986FACB00DAF70B /* WebService.swift in Sources */ = {isa = PBXBuildFile; fileRef = E055D6F82986FACB00DAF70B /* WebService.swift */; };
		E055D6FC2986FE8B00DAF70B /* RecipeListResponse.swift in Sources */ = {isa = PBXBuildFile; fileRef = E055D6FB2986FE8B00DAF70B /* RecipeListResponse.swift */; };
		E055D6FF298702EA00DAF70B /* RecipeListViewModel.swift in Sources */ = {isa = PBXBuildFile; fileRef = E055D6FE298702EA00DAF70B /* RecipeListViewModel.swift */; };
		E055D702298705EF00DAF70B /* Constants.swift in Sources */ = {isa = PBXBuildFile; fileRef = E055D701298705EF00DAF70B /* Constants.swift */; };
		E055D70729870B0B00DAF70B /* RecipeListScreen.swift in Sources */ = {isa = PBXBuildFile; fileRef = E055D70629870B0B00DAF70B /* RecipeListScreen.swift */; };
		E055D70A2987273000DAF70B /* RecipeListView.swift in Sources */ = {isa = PBXBuildFile; fileRef = E055D7092987273000DAF70B /* RecipeListView.swift */; };
		E055D70C298737EA00DAF70B /* RecipeCellView.swift in Sources */ = {isa = PBXBuildFile; fileRef = E055D70B298737EA00DAF70B /* RecipeCellView.swift */; };
		E055D70F29884AA700DAF70B /* RecipeDetailsResponse.swift in Sources */ = {isa = PBXBuildFile; fileRef = E055D70E29884AA700DAF70B /* RecipeDetailsResponse.swift */; };
		E055D71129884C3A00DAF70B /* RecipeDetailsViewModel.swift in Sources */ = {isa = PBXBuildFile; fileRef = E055D71029884C3A00DAF70B /* RecipeDetailsViewModel.swift */; };
		E055D7132988501900DAF70B /* RecipeDetailsScreen.swift in Sources */ = {isa = PBXBuildFile; fileRef = E055D7122988501900DAF70B /* RecipeDetailsScreen.swift */; };
/* End PBXBuildFile section */

/* Begin PBXFileReference section */
		E026383F2985A5A5008CBA14 /* RecipeList.app */ = {isa = PBXFileReference; explicitFileType = wrapper.application; includeInIndex = 0; path = RecipeList.app; sourceTree = BUILT_PRODUCTS_DIR; };
		E02638422985A5A5008CBA14 /* RecipeListApp.swift */ = {isa = PBXFileReference; lastKnownFileType = sourcecode.swift; path = RecipeListApp.swift; sourceTree = "<group>"; };
		E02638442985A5A5008CBA14 /* ContentView.swift */ = {isa = PBXFileReference; lastKnownFileType = sourcecode.swift; path = ContentView.swift; sourceTree = "<group>"; };
		E02638462985A5A6008CBA14 /* Assets.xcassets */ = {isa = PBXFileReference; lastKnownFileType = folder.assetcatalog; path = Assets.xcassets; sourceTree = "<group>"; };
		E02638492985A5A6008CBA14 /* Preview Assets.xcassets */ = {isa = PBXFileReference; lastKnownFileType = folder.assetcatalog; path = "Preview Assets.xcassets"; sourceTree = "<group>"; };
		E055D6F82986FACB00DAF70B /* WebService.swift */ = {isa = PBXFileReference; lastKnownFileType = sourcecode.swift; path = WebService.swift; sourceTree = "<group>"; };
		E055D6FB2986FE8B00DAF70B /* RecipeListResponse.swift */ = {isa = PBXFileReference; lastKnownFileType = sourcecode.swift; path = RecipeListResponse.swift; sourceTree = "<group>"; };
		E055D6FE298702EA00DAF70B /* RecipeListViewModel.swift */ = {isa = PBXFileReference; lastKnownFileType = sourcecode.swift; path = RecipeListViewModel.swift; sourceTree = "<group>"; };
		E055D701298705EF00DAF70B /* Constants.swift */ = {isa = PBXFileReference; lastKnownFileType = sourcecode.swift; path = Constants.swift; sourceTree = "<group>"; };
		E055D70629870B0B00DAF70B /* RecipeListScreen.swift */ = {isa = PBXFileReference; lastKnownFileType = sourcecode.swift; path = RecipeListScreen.swift; sourceTree = "<group>"; };
		E055D7092987273000DAF70B /* RecipeListView.swift */ = {isa = PBXFileReference; lastKnownFileType = sourcecode.swift; path = RecipeListView.swift; sourceTree = "<group>"; };
		E055D70B298737EA00DAF70B /* RecipeCellView.swift */ = {isa = PBXFileReference; lastKnownFileType = sourcecode.swift; path = RecipeCellView.swift; sourceTree = "<group>"; };
		E055D70D2987402700DAF70B /* Info.plist */ = {isa = PBXFileReference; lastKnownFileType = text.plist; path = Info.plist; sourceTree = "<group>"; };
		E055D70E29884AA700DAF70B /* RecipeDetailsResponse.swift */ = {isa = PBXFileReference; lastKnownFileType = sourcecode.swift; path = RecipeDetailsResponse.swift; sourceTree = "<group>"; };
		E055D71029884C3A00DAF70B /* RecipeDetailsViewModel.swift */ = {isa = PBXFileReference; lastKnownFileType = sourcecode.swift; path = RecipeDetailsViewModel.swift; sourceTree = "<group>"; };
		E055D7122988501900DAF70B /* RecipeDetailsScreen.swift */ = {isa = PBXFileReference; lastKnownFileType = sourcecode.swift; path = RecipeDetailsScreen.swift; sourceTree = "<group>"; };
/* End PBXFileReference section */

/* Begin PBXFrameworksBuildPhase section */
		E026383C2985A5A5008CBA14 /* Frameworks */ = {
			isa = PBXFrameworksBuildPhase;
			buildActionMask = 2147483647;
			files = (
			);
			runOnlyForDeploymentPostprocessing = 0;
		};
/* End PBXFrameworksBuildPhase section */

/* Begin PBXGroup section */
		E02638362985A5A5008CBA14 = {
			isa = PBXGroup;
			children = (
				E02638412985A5A5008CBA14 /* RecipeList */,
				E02638402985A5A5008CBA14 /* Products */,
			);
			sourceTree = "<group>";
		};
		E02638402985A5A5008CBA14 /* Products */ = {
			isa = PBXGroup;
			children = (
				E026383F2985A5A5008CBA14 /* RecipeList.app */,
			);
			name = Products;
			sourceTree = "<group>";
		};
		E02638412985A5A5008CBA14 /* RecipeList */ = {
			isa = PBXGroup;
			children = (
				E055D70D2987402700DAF70B /* Info.plist */,
				E055D708298726D900DAF70B /* Views */,
				E055D70329870A8F00DAF70B /* Screens */,
				E055D700298705DB00DAF70B /* Utilities */,
				E055D6FD298702C500DAF70B /* View Models */,
				E055D6FA2986FE6700DAF70B /* Models */,
				E055D6F72986FA8D00DAF70B /* Services */,
				E02638422985A5A5008CBA14 /* RecipeListApp.swift */,
				E02638442985A5A5008CBA14 /* ContentView.swift */,
				E02638462985A5A6008CBA14 /* Assets.xcassets */,
				E02638482985A5A6008CBA14 /* Preview Content */,
			);
			path = RecipeList;
			sourceTree = "<group>";
		};
		E02638482985A5A6008CBA14 /* Preview Content */ = {
			isa = PBXGroup;
			children = (
				E02638492985A5A6008CBA14 /* Preview Assets.xcassets */,
			);
			path = "Preview Content";
			sourceTree = "<group>";
		};
		E055D6F72986FA8D00DAF70B /* Services */ = {
			isa = PBXGroup;
			children = (
				E055D6F82986FACB00DAF70B /* WebService.swift */,
			);
			path = Services;
			sourceTree = "<group>";
		};
		E055D6FA2986FE6700DAF70B /* Models */ = {
			isa = PBXGroup;
			children = (
				E055D6FB2986FE8B00DAF70B /* RecipeListResponse.swift */,
				E055D70E29884AA700DAF70B /* RecipeDetailsResponse.swift */,
			);
			path = Models;
			sourceTree = "<group>";
		};
		E055D6FD298702C500DAF70B /* View Models */ = {
			isa = PBXGroup;
			children = (
				E055D6FE298702EA00DAF70B /* RecipeListViewModel.swift */,
				E055D71029884C3A00DAF70B /* RecipeDetailsViewModel.swift */,
			);
			path = "View Models";
			sourceTree = "<group>";
		};
		E055D700298705DB00DAF70B /* Utilities */ = {
			isa = PBXGroup;
			children = (
				E055D701298705EF00DAF70B /* Constants.swift */,
			);
			path = Utilities;
			sourceTree = "<group>";
		};
		E055D70329870A8F00DAF70B /* Screens */ = {
			isa = PBXGroup;
			children = (
				E055D70629870B0B00DAF70B /* RecipeListScreen.swift */,
				E055D7122988501900DAF70B /* RecipeDetailsScreen.swift */,
			);
			path = Screens;
			sourceTree = "<group>";
		};
		E055D708298726D900DAF70B /* Views */ = {
			isa = PBXGroup;
			children = (
				E055D7092987273000DAF70B /* RecipeListView.swift */,
				E055D70B298737EA00DAF70B /* RecipeCellView.swift */,
			);
			path = Views;
			sourceTree = "<group>";
		};
/* End PBXGroup section */

/* Begin PBXNativeTarget section */
		E026383E2985A5A5008CBA14 /* RecipeList */ = {
			isa = PBXNativeTarget;
			buildConfigurationList = E026384D2985A5A6008CBA14 /* Build configuration list for PBXNativeTarget "RecipeList" */;
			buildPhases = (
				E026383B2985A5A5008CBA14 /* Sources */,
				E026383C2985A5A5008CBA14 /* Frameworks */,
				E026383D2985A5A5008CBA14 /* Resources */,
			);
			buildRules = (
			);
			dependencies = (
			);
			name = RecipeList;
			productName = RecipeList;
			productReference = E026383F2985A5A5008CBA14 /* RecipeList.app */;
			productType = "com.apple.product-type.application";
		};
/* End PBXNativeTarget section */

/* Begin PBXProject section */
		E02638372985A5A5008CBA14 /* Project object */ = {
			isa = PBXProject;
			attributes = {
				BuildIndependentTargetsInParallel = 1;
				LastSwiftUpdateCheck = 1420;
				LastUpgradeCheck = 1420;
				TargetAttributes = {
					E026383E2985A5A5008CBA14 = {
						CreatedOnToolsVersion = 14.2;
					};
				};
			};
			buildConfigurationList = E026383A2985A5A5008CBA14 /* Build configuration list for PBXProject "RecipeList" */;
			compatibilityVersion = "Xcode 14.0";
			developmentRegion = en;
			hasScannedForEncodings = 0;
			knownRegions = (
				en,
				Base,
			);
			mainGroup = E02638362985A5A5008CBA14;
			productRefGroup = E02638402985A5A5008CBA14 /* Products */;
			projectDirPath = "";
			projectRoot = "";
			targets = (
				E026383E2985A5A5008CBA14 /* RecipeList */,
			);
		};
/* End PBXProject section */

/* Begin PBXResourcesBuildPhase section */
		E026383D2985A5A5008CBA14 /* Resources */ = {
			isa = PBXResourcesBuildPhase;
			buildActionMask = 2147483647;
			files = (
				E026384A2985A5A6008CBA14 /* Preview Assets.xcassets in Resources */,
				E02638472985A5A6008CBA14 /* Assets.xcassets in Resources */,
			);
			runOnlyForDeploymentPostprocessing = 0;
		};
/* End PBXResourcesBuildPhase section */

/* Begin PBXSourcesBuildPhase section */
		E026383B2985A5A5008CBA14 /* Sources */ = {
			isa = PBXSourcesBuildPhase;
			buildActionMask = 2147483647;
			files = (
				E055D70C298737EA00DAF70B /* RecipeCellView.swift in Sources */,
				E055D70F29884AA700DAF70B /* RecipeDetailsResponse.swift in Sources */,
				E055D7132988501900DAF70B /* RecipeDetailsScreen.swift in Sources */,
				E02638452985A5A5008CBA14 /* ContentView.swift in Sources */,
				E055D70729870B0B00DAF70B /* RecipeListScreen.swift in Sources */,
				E02638432985A5A5008CBA14 /* RecipeListApp.swift in Sources */,
				E055D6FC2986FE8B00DAF70B /* RecipeListResponse.swift in Sources */,
				E055D6FF298702EA00DAF70B /* RecipeListViewModel.swift in Sources */,
				E055D71129884C3A00DAF70B /* RecipeDetailsViewModel.swift in Sources */,
				E055D6F92986FACB00DAF70B /* WebService.swift in Sources */,
				E055D70A2987273000DAF70B /* RecipeListView.swift in Sources */,
				E055D702298705EF00DAF70B /* Constants.swift in Sources */,
			);
			runOnlyForDeploymentPostprocessing = 0;
		};
/* End PBXSourcesBuildPhase section */

/* Begin XCBuildConfiguration section */
		E026384B2985A5A6008CBA14 /* Debug */ = {
			isa = XCBuildConfiguration;
			buildSettings = {
				ALWAYS_SEARCH_USER_PATHS = NO;
				CLANG_ANALYZER_NONNULL = YES;
				CLANG_ANALYZER_NUMBER_OBJECT_CONVERSION = YES_AGGRESSIVE;
				CLANG_CXX_LANGUAGE_STANDARD = "gnu++20";
				CLANG_ENABLE_MODULES = YES;
				CLANG_ENABLE_OBJC_ARC = YES;
				CLANG_ENABLE_OBJC_WEAK = YES;
				CLANG_WARN_BLOCK_CAPTURE_AUTORELEASING = YES;
				CLANG_WARN_BOOL_CONVERSION = YES;
				CLANG_WARN_COMMA = YES;
				CLANG_WARN_CONSTANT_CONVERSION = YES;
				CLANG_WARN_DEPRECATED_OBJC_IMPLEMENTATIONS = YES;
				CLANG_WARN_DIRECT_OBJC_ISA_USAGE = YES_ERROR;
				CLANG_WARN_DOCUMENTATION_COMMENTS = YES;
				CLANG_WARN_EMPTY_BODY = YES;
				CLANG_WARN_ENUM_CONVERSION = YES;
				CLANG_WARN_INFINITE_RECURSION = YES;
				CLANG_WARN_INT_CONVERSION = YES;
				CLANG_WARN_NON_LITERAL_NULL_CONVERSION = YES;
				CLANG_WARN_OBJC_IMPLICIT_RETAIN_SELF = YES;
				CLANG_WARN_OBJC_LITERAL_CONVERSION = YES;
				CLANG_WARN_OBJC_ROOT_CLASS = YES_ERROR;
				CLANG_WARN_QUOTED_INCLUDE_IN_FRAMEWORK_HEADER = YES;
				CLANG_WARN_RANGE_LOOP_ANALYSIS = YES;
				CLANG_WARN_STRICT_PROTOTYPES = YES;
				CLANG_WARN_SUSPICIOUS_MOVE = YES;
				CLANG_WARN_UNGUARDED_AVAILABILITY = YES_AGGRESSIVE;
				CLANG_WARN_UNREACHABLE_CODE = YES;
				CLANG_WARN__DUPLICATE_METHOD_MATCH = YES;
				COPY_PHASE_STRIP = NO;
				DEBUG_INFORMATION_FORMAT = dwarf;
				ENABLE_STRICT_OBJC_MSGSEND = YES;
				ENABLE_TESTABILITY = YES;
				GCC_C_LANGUAGE_STANDARD = gnu11;
				GCC_DYNAMIC_NO_PIC = NO;
				GCC_NO_COMMON_BLOCKS = YES;
				GCC_OPTIMIZATION_LEVEL = 0;
				GCC_PREPROCESSOR_DEFINITIONS = (
					"DEBUG=1",
					"$(inherited)",
				);
				GCC_WARN_64_TO_32_BIT_CONVERSION = YES;
				GCC_WARN_ABOUT_RETURN_TYPE = YES_ERROR;
				GCC_WARN_UNDECLARED_SELECTOR = YES;
				GCC_WARN_UNINITIALIZED_AUTOS = YES_AGGRESSIVE;
				GCC_WARN_UNUSED_FUNCTION = YES;
				GCC_WARN_UNUSED_VARIABLE = YES;
				IPHONEOS_DEPLOYMENT_TARGET = 16.2;
				MTL_ENABLE_DEBUG_INFO = INCLUDE_SOURCE;
				MTL_FAST_MATH = YES;
				ONLY_ACTIVE_ARCH = YES;
				SDKROOT = iphoneos;
				SWIFT_ACTIVE_COMPILATION_CONDITIONS = DEBUG;
				SWIFT_OPTIMIZATION_LEVEL = "-Onone";
			};
			name = Debug;
		};
		E026384C2985A5A6008CBA14 /* Release */ = {
			isa = XCBuildConfiguration;
			buildSettings = {
				ALWAYS_SEARCH_USER_PATHS = NO;
				CLANG_ANALYZER_NONNULL = YES;
				CLANG_ANALYZER_NUMBER_OBJECT_CONVERSION = YES_AGGRESSIVE;
				CLANG_CXX_LANGUAGE_STANDARD = "gnu++20";
				CLANG_ENABLE_MODULES = YES;
				CLANG_ENABLE_OBJC_ARC = YES;
				CLANG_ENABLE_OBJC_WEAK = YES;
				CLANG_WARN_BLOCK_CAPTURE_AUTORELEASING = YES;
				CLANG_WARN_BOOL_CONVERSION = YES;
				CLANG_WARN_COMMA = YES;
				CLANG_WARN_CONSTANT_CONVERSION = YES;
				CLANG_WARN_DEPRECATED_OBJC_IMPLEMENTATIONS = YES;
				CLANG_WARN_DIRECT_OBJC_ISA_USAGE = YES_ERROR;
				CLANG_WARN_DOCUMENTATION_COMMENTS = YES;
				CLANG_WARN_EMPTY_BODY = YES;
				CLANG_WARN_ENUM_CONVERSION = YES;
				CLANG_WARN_INFINITE_RECURSION = YES;
				CLANG_WARN_INT_CONVERSION = YES;
				CLANG_WARN_NON_LITERAL_NULL_CONVERSION = YES;
				CLANG_WARN_OBJC_IMPLICIT_RETAIN_SELF = YES;
				CLANG_WARN_OBJC_LITERAL_CONVERSION = YES;
				CLANG_WARN_OBJC_ROOT_CLASS = YES_ERROR;
				CLANG_WARN_QUOTED_INCLUDE_IN_FRAMEWORK_HEADER = YES;
				CLANG_WARN_RANGE_LOOP_ANALYSIS = YES;
				CLANG_WARN_STRICT_PROTOTYPES = YES;
				CLANG_WARN_SUSPICIOUS_MOVE = YES;
				CLANG_WARN_UNGUARDED_AVAILABILITY = YES_AGGRESSIVE;
				CLANG_WARN_UNREACHABLE_CODE = YES;
				CLANG_WARN__DUPLICATE_METHOD_MATCH = YES;
				COPY_PHASE_STRIP = NO;
				DEBUG_INFORMATION_FORMAT = "dwarf-with-dsym";
				ENABLE_NS_ASSERTIONS = NO;
				ENABLE_STRICT_OBJC_MSGSEND = YES;
				GCC_C_LANGUAGE_STANDARD = gnu11;
				GCC_NO_COMMON_BLOCKS = YES;
				GCC_WARN_64_TO_32_BIT_CONVERSION = YES;
				GCC_WARN_ABOUT_RETURN_TYPE = YES_ERROR;
				GCC_WARN_UNDECLARED_SELECTOR = YES;
				GCC_WARN_UNINITIALIZED_AUTOS = YES_AGGRESSIVE;
				GCC_WARN_UNUSED_FUNCTION = YES;
				GCC_WARN_UNUSED_VARIABLE = YES;
				IPHONEOS_DEPLOYMENT_TARGET = 16.2;
				MTL_ENABLE_DEBUG_INFO = NO;
				MTL_FAST_MATH = YES;
				SDKROOT = iphoneos;
				SWIFT_COMPILATION_MODE = wholemodule;
				SWIFT_OPTIMIZATION_LEVEL = "-O";
				VALIDATE_PRODUCT = YES;
			};
			name = Release;
		};
		E026384E2985A5A6008CBA14 /* Debug */ = {
			isa = XCBuildConfiguration;
			buildSettings = {
				ASSETCATALOG_COMPILER_APPICON_NAME = AppIcon;
				ASSETCATALOG_COMPILER_GLOBAL_ACCENT_COLOR_NAME = AccentColor;
				CODE_SIGN_STYLE = Automatic;
				CURRENT_PROJECT_VERSION = 1;
				DEVELOPMENT_ASSET_PATHS = "\"RecipeList/Preview Content\"";
				ENABLE_PREVIEWS = YES;
				GENERATE_INFOPLIST_FILE = YES;
				INFOPLIST_FILE = RecipeList/Info.plist;
				INFOPLIST_KEY_UIApplicationSupportsIndirectInputEvents = YES;
				INFOPLIST_KEY_UILaunchScreen_Generation = YES;
				INFOPLIST_KEY_UISupportedInterfaceOrientations_iPad = "UIInterfaceOrientationPortrait UIInterfaceOrientationPortraitUpsideDown UIInterfaceOrientationLandscapeLeft UIInterfaceOrientationLandscapeRight";
				INFOPLIST_KEY_UISupportedInterfaceOrientations_iPhone = "UIInterfaceOrientationPortrait UIInterfaceOrientationLandscapeLeft UIInterfaceOrientationLandscapeRight";
				LD_RUNPATH_SEARCH_PATHS = (
					"$(inherited)",
					"@executable_path/Frameworks",
				);
				MARKETING_VERSION = 1.0;
				NEW_SETTING = "";
				PRODUCT_BUNDLE_IDENTIFIER = justinturkaly.RecipeList;
				PRODUCT_NAME = "$(TARGET_NAME)";
				SWIFT_EMIT_LOC_STRINGS = YES;
				SWIFT_VERSION = 5.0;
				TARGETED_DEVICE_FAMILY = "1,2";
			};
			name = Debug;
		};
		E026384F2985A5A6008CBA14 /* Release */ = {
			isa = XCBuildConfiguration;
			buildSettings = {
				ASSETCATALOG_COMPILER_APPICON_NAME = AppIcon;
				ASSETCATALOG_COMPILER_GLOBAL_ACCENT_COLOR_NAME = AccentColor;
				CODE_SIGN_STYLE = Automatic;
				CURRENT_PROJECT_VERSION = 1;
				DEVELOPMENT_ASSET_PATHS = "\"RecipeList/Preview Content\"";
				ENABLE_PREVIEWS = YES;
				GENERATE_INFOPLIST_FILE = YES;
				INFOPLIST_FILE = RecipeList/Info.plist;
				INFOPLIST_KEY_UIApplicationSupportsIndirectInputEvents = YES;
				INFOPLIST_KEY_UILaunchScreen_Generation = YES;
				INFOPLIST_KEY_UISupportedInterfaceOrientations_iPad = "UIInterfaceOrientationPortrait UIInterfaceOrientationPortraitUpsideDown UIInterfaceOrientationLandscapeLeft UIInterfaceOrientationLandscapeRight";
				INFOPLIST_KEY_UISupportedInterfaceOrientations_iPhone = "UIInterfaceOrientationPortrait UIInterfaceOrientationLandscapeLeft UIInterfaceOrientationLandscapeRight";
				LD_RUNPATH_SEARCH_PATHS = (
					"$(inherited)",
					"@executable_path/Frameworks",
				);
				MARKETING_VERSION = 1.0;
				NEW_SETTING = "";
				PRODUCT_BUNDLE_IDENTIFIER = justinturkaly.RecipeList;
				PRODUCT_NAME = "$(TARGET_NAME)";
				SWIFT_EMIT_LOC_STRINGS = YES;
				SWIFT_VERSION = 5.0;
				TARGETED_DEVICE_FAMILY = "1,2";
			};
			name = Release;
		};
/* End XCBuildConfiguration section */

/* Begin XCConfigurationList section */
		E026383A2985A5A5008CBA14 /* Build configuration list for PBXProject "RecipeList" */ = {
			isa = XCConfigurationList;
			buildConfigurations = (
				E026384B2985A5A6008CBA14 /* Debug */,
				E026384C2985A5A6008CBA14 /* Release */,
			);
			defaultConfigurationIsVisible = 0;
			defaultConfigurationName = Release;
		};
		E026384D2985A5A6008CBA14 /* Build configuration list for PBXNativeTarget "RecipeList" */ = {
			isa = XCConfigurationList;
			buildConfigurations = (
				E026384E2985A5A6008CBA14 /* Debug */,
				E026384F2985A5A6008CBA14 /* Release */,
			);
			defaultConfigurationIsVisible = 0;
			defaultConfigurationName = Release;
		};
/* End XCConfigurationList section */
	};
	rootObject = E02638372985A5A5008CBA14 /* Project object */;
}
